// !$*UTF8*$!
{
	archiveVersion = 1;
	classes = {
	};
	objectVersion = 56;
	objects = {

/* Begin PBXBuildFile section */
		03DDE3582A0ECE210064485F /* AppDelegate.swift in Sources */ = {isa = PBXBuildFile; fileRef = 03DDE3572A0ECE210064485F /* AppDelegate.swift */; };
		03DDE35A2A0ECE210064485F /* SceneDelegate.swift in Sources */ = {isa = PBXBuildFile; fileRef = 03DDE3592A0ECE210064485F /* SceneDelegate.swift */; };
		03DDE35C2A0ECE210064485F /* ConversionViewController.swift in Sources */ = {isa = PBXBuildFile; fileRef = 03DDE35B2A0ECE210064485F /* ConversionViewController.swift */; };
		03DDE35F2A0ECE210064485F /* Main.storyboard in Resources */ = {isa = PBXBuildFile; fileRef = 03DDE35D2A0ECE210064485F /* Main.storyboard */; };
		03DDE3612A0ECE220064485F /* Assets.xcassets in Resources */ = {isa = PBXBuildFile; fileRef = 03DDE3602A0ECE220064485F /* Assets.xcassets */; };
		03DDE3642A0ECE220064485F /* LaunchScreen.storyboard in Resources */ = {isa = PBXBuildFile; fileRef = 03DDE3622A0ECE220064485F /* LaunchScreen.storyboard */; };
		03DDE36F2A0ECE220064485F /* WorldTrotterTests.swift in Sources */ = {isa = PBXBuildFile; fileRef = 03DDE36E2A0ECE220064485F /* WorldTrotterTests.swift */; };
		03DDE3792A0ECE220064485F /* WorldTrotterUITests.swift in Sources */ = {isa = PBXBuildFile; fileRef = 03DDE3782A0ECE220064485F /* WorldTrotterUITests.swift */; };
		03DDE37B2A0ECE220064485F /* WorldTrotterUITestsLaunchTests.swift in Sources */ = {isa = PBXBuildFile; fileRef = 03DDE37A2A0ECE220064485F /* WorldTrotterUITestsLaunchTests.swift */; };
		03DDE3882A0ED3390064485F /* MapViewController.swift in Sources */ = {isa = PBXBuildFile; fileRef = 03DDE3872A0ED3390064485F /* MapViewController.swift */; };
		03DDE38E2A0EE0990064485F /* Localizable.strings in Resources */ = {isa = PBXBuildFile; fileRef = 03DDE3902A0EE0990064485F /* Localizable.strings */; };
/* End PBXBuildFile section */

/* Begin PBXContainerItemProxy section */
		03DDE36B2A0ECE220064485F /* PBXContainerItemProxy */ = {
			isa = PBXContainerItemProxy;
			containerPortal = 03DDE34C2A0ECE210064485F /* Project object */;
			proxyType = 1;
			remoteGlobalIDString = 03DDE3532A0ECE210064485F;
			remoteInfo = WorldTrotter;
		};
		03DDE3752A0ECE220064485F /* PBXContainerItemProxy */ = {
			isa = PBXContainerItemProxy;
			containerPortal = 03DDE34C2A0ECE210064485F /* Project object */;
			proxyType = 1;
			remoteGlobalIDString = 03DDE3532A0ECE210064485F;
			remoteInfo = WorldTrotter;
		};
/* End PBXContainerItemProxy section */

/* Begin PBXFileReference section */
		03DDE3542A0ECE210064485F /* WorldTrotter.app */ = {isa = PBXFileReference; explicitFileType = wrapper.application; includeInIndex = 0; path = WorldTrotter.app; sourceTree = BUILT_PRODUCTS_DIR; };
		03DDE3572A0ECE210064485F /* AppDelegate.swift */ = {isa = PBXFileReference; lastKnownFileType = sourcecode.swift; path = AppDelegate.swift; sourceTree = "<group>"; };
		03DDE3592A0ECE210064485F /* SceneDelegate.swift */ = {isa = PBXFileReference; lastKnownFileType = sourcecode.swift; path = SceneDelegate.swift; sourceTree = "<group>"; };
		03DDE35B2A0ECE210064485F /* ConversionViewController.swift */ = {isa = PBXFileReference; lastKnownFileType = sourcecode.swift; path = ConversionViewController.swift; sourceTree = "<group>"; };
		03DDE35E2A0ECE210064485F /* Base */ = {isa = PBXFileReference; lastKnownFileType = file.storyboard; name = Base; path = Base.lproj/Main.storyboard; sourceTree = "<group>"; };
		03DDE3602A0ECE220064485F /* Assets.xcassets */ = {isa = PBXFileReference; lastKnownFileType = folder.assetcatalog; path = Assets.xcassets; sourceTree = "<group>"; };
		03DDE3632A0ECE220064485F /* Base */ = {isa = PBXFileReference; lastKnownFileType = file.storyboard; name = Base; path = Base.lproj/LaunchScreen.storyboard; sourceTree = "<group>"; };
		03DDE3652A0ECE220064485F /* Info.plist */ = {isa = PBXFileReference; lastKnownFileType = text.plist.xml; path = Info.plist; sourceTree = "<group>"; };
		03DDE36A2A0ECE220064485F /* WorldTrotterTests.xctest */ = {isa = PBXFileReference; explicitFileType = wrapper.cfbundle; includeInIndex = 0; path = WorldTrotterTests.xctest; sourceTree = BUILT_PRODUCTS_DIR; };
		03DDE36E2A0ECE220064485F /* WorldTrotterTests.swift */ = {isa = PBXFileReference; lastKnownFileType = sourcecode.swift; path = WorldTrotterTests.swift; sourceTree = "<group>"; };
		03DDE3742A0ECE220064485F /* WorldTrotterUITests.xctest */ = {isa = PBXFileReference; explicitFileType = wrapper.cfbundle; includeInIndex = 0; path = WorldTrotterUITests.xctest; sourceTree = BUILT_PRODUCTS_DIR; };
		03DDE3782A0ECE220064485F /* WorldTrotterUITests.swift */ = {isa = PBXFileReference; lastKnownFileType = sourcecode.swift; path = WorldTrotterUITests.swift; sourceTree = "<group>"; };
		03DDE37A2A0ECE220064485F /* WorldTrotterUITestsLaunchTests.swift */ = {isa = PBXFileReference; lastKnownFileType = sourcecode.swift; path = WorldTrotterUITestsLaunchTests.swift; sourceTree = "<group>"; };
		03DDE3872A0ED3390064485F /* MapViewController.swift */ = {isa = PBXFileReference; lastKnownFileType = sourcecode.swift; path = MapViewController.swift; sourceTree = "<group>"; };
		03DDE38A2A0EDF040064485F /* en */ = {isa = PBXFileReference; lastKnownFileType = text.plist.strings; name = en; path = en.lproj/Main.strings; sourceTree = "<group>"; };
		03DDE38B2A0EDF370064485F /* es */ = {isa = PBXFileReference; lastKnownFileType = text.plist.strings; name = es; path = es.lproj/Main.strings; sourceTree = "<group>"; };
		03DDE38F2A0EE0990064485F /* es */ = {isa = PBXFileReference; lastKnownFileType = text.plist.strings; name = es; path = es.lproj/Localizable.strings; sourceTree = "<group>"; };
		03DDE3912A0EE0A20064485F /* en */ = {isa = PBXFileReference; lastKnownFileType = text.plist.strings; name = en; path = en.lproj/Localizable.strings; sourceTree = "<group>"; };
/* End PBXFileReference section */

/* Begin PBXFrameworksBuildPhase section */
		03DDE3512A0ECE210064485F /* Frameworks */ = {
			isa = PBXFrameworksBuildPhase;
			buildActionMask = 2147483647;
			files = (
			);
			runOnlyForDeploymentPostprocessing = 0;
		};
		03DDE3672A0ECE220064485F /* Frameworks */ = {
			isa = PBXFrameworksBuildPhase;
			buildActionMask = 2147483647;
			files = (
			);
			runOnlyForDeploymentPostprocessing = 0;
		};
		03DDE3712A0ECE220064485F /* Frameworks */ = {
			isa = PBXFrameworksBuildPhase;
			buildActionMask = 2147483647;
			files = (
			);
			runOnlyForDeploymentPostprocessing = 0;
		};
/* End PBXFrameworksBuildPhase section */

/* Begin PBXGroup section */
		03DDE34B2A0ECE210064485F = {
			isa = PBXGroup;
			children = (
				03DDE3562A0ECE210064485F /* WorldTrotter */,
				03DDE36D2A0ECE220064485F /* WorldTrotterTests */,
				03DDE3772A0ECE220064485F /* WorldTrotterUITests */,
				03DDE3552A0ECE210064485F /* Products */,
			);
			sourceTree = "<group>";
		};
		03DDE3552A0ECE210064485F /* Products */ = {
			isa = PBXGroup;
			children = (
				03DDE3542A0ECE210064485F /* WorldTrotter.app */,
				03DDE36A2A0ECE220064485F /* WorldTrotterTests.xctest */,
				03DDE3742A0ECE220064485F /* WorldTrotterUITests.xctest */,
			);
			name = Products;
			sourceTree = "<group>";
		};
		03DDE3562A0ECE210064485F /* WorldTrotter */ = {
			isa = PBXGroup;
			children = (
				03DDE3652A0ECE220064485F /* Info.plist */,
				03DDE3572A0ECE210064485F /* AppDelegate.swift */,
				03DDE3902A0EE0990064485F /* Localizable.strings */,
				03DDE3872A0ED3390064485F /* MapViewController.swift */,
				03DDE3592A0ECE210064485F /* SceneDelegate.swift */,
				03DDE35B2A0ECE210064485F /* ConversionViewController.swift */,
				03DDE3602A0ECE220064485F /* Assets.xcassets */,
				03DDE3622A0ECE220064485F /* LaunchScreen.storyboard */,
				03DDE35D2A0ECE210064485F /* Main.storyboard */,
			);
			path = WorldTrotter;
			sourceTree = "<group>";
		};
		03DDE36D2A0ECE220064485F /* WorldTrotterTests */ = {
			isa = PBXGroup;
			children = (
				03DDE36E2A0ECE220064485F /* WorldTrotterTests.swift */,
			);
			path = WorldTrotterTests;
			sourceTree = "<group>";
		};
		03DDE3772A0ECE220064485F /* WorldTrotterUITests */ = {
			isa = PBXGroup;
			children = (
				03DDE3782A0ECE220064485F /* WorldTrotterUITests.swift */,
				03DDE37A2A0ECE220064485F /* WorldTrotterUITestsLaunchTests.swift */,
			);
			path = WorldTrotterUITests;
			sourceTree = "<group>";
		};
/* End PBXGroup section */

/* Begin PBXNativeTarget section */
		03DDE3532A0ECE210064485F /* WorldTrotter */ = {
			isa = PBXNativeTarget;
			buildConfigurationList = 03DDE37E2A0ECE220064485F /* Build configuration list for PBXNativeTarget "WorldTrotter" */;
			buildPhases = (
				03DDE3502A0ECE210064485F /* Sources */,
				03DDE3512A0ECE210064485F /* Frameworks */,
				03DDE3522A0ECE210064485F /* Resources */,
			);
			buildRules = (
			);
			dependencies = (
			);
			name = WorldTrotter;
			productName = WorldTrotter;
			productReference = 03DDE3542A0ECE210064485F /* WorldTrotter.app */;
			productType = "com.apple.product-type.application";
		};
		03DDE3692A0ECE220064485F /* WorldTrotterTests */ = {
			isa = PBXNativeTarget;
			buildConfigurationList = 03DDE3812A0ECE220064485F /* Build configuration list for PBXNativeTarget "WorldTrotterTests" */;
			buildPhases = (
				03DDE3662A0ECE220064485F /* Sources */,
				03DDE3672A0ECE220064485F /* Frameworks */,
				03DDE3682A0ECE220064485F /* Resources */,
			);
			buildRules = (
			);
			dependencies = (
				03DDE36C2A0ECE220064485F /* PBXTargetDependency */,
			);
			name = WorldTrotterTests;
			productName = WorldTrotterTests;
			productReference = 03DDE36A2A0ECE220064485F /* WorldTrotterTests.xctest */;
			productType = "com.apple.product-type.bundle.unit-test";
		};
		03DDE3732A0ECE220064485F /* WorldTrotterUITests */ = {
			isa = PBXNativeTarget;
			buildConfigurationList = 03DDE3842A0ECE220064485F /* Build configuration list for PBXNativeTarget "WorldTrotterUITests" */;
			buildPhases = (
				03DDE3702A0ECE220064485F /* Sources */,
				03DDE3712A0ECE220064485F /* Frameworks */,
				03DDE3722A0ECE220064485F /* Resources */,
			);
			buildRules = (
			);
			dependencies = (
				03DDE3762A0ECE220064485F /* PBXTargetDependency */,
			);
			name = WorldTrotterUITests;
			productName = WorldTrotterUITests;
			productReference = 03DDE3742A0ECE220064485F /* WorldTrotterUITests.xctest */;
			productType = "com.apple.product-type.bundle.ui-testing";
		};
/* End PBXNativeTarget section */

/* Begin PBXProject section */
		03DDE34C2A0ECE210064485F /* Project object */ = {
			isa = PBXProject;
			attributes = {
				BuildIndependentTargetsInParallel = 1;
				LastSwiftUpdateCheck = 1430;
				LastUpgradeCheck = 1430;
				TargetAttributes = {
					03DDE3532A0ECE210064485F = {
						CreatedOnToolsVersion = 14.3;
					};
					03DDE3692A0ECE220064485F = {
						CreatedOnToolsVersion = 14.3;
						TestTargetID = 03DDE3532A0ECE210064485F;
					};
					03DDE3732A0ECE220064485F = {
						CreatedOnToolsVersion = 14.3;
						TestTargetID = 03DDE3532A0ECE210064485F;
					};
				};
			};
			buildConfigurationList = 03DDE34F2A0ECE210064485F /* Build configuration list for PBXProject "WorldTrotter" */;
			compatibilityVersion = "Xcode 14.0";
			developmentRegion = en;
			hasScannedForEncodings = 0;
			knownRegions = (
				en,
				Base,
				es,
			);
			mainGroup = 03DDE34B2A0ECE210064485F;
			productRefGroup = 03DDE3552A0ECE210064485F /* Products */;
			projectDirPath = "";
			projectRoot = "";
			targets = (
				03DDE3532A0ECE210064485F /* WorldTrotter */,
				03DDE3692A0ECE220064485F /* WorldTrotterTests */,
				03DDE3732A0ECE220064485F /* WorldTrotterUITests */,
			);
		};
/* End PBXProject section */

/* Begin PBXResourcesBuildPhase section */
		03DDE3522A0ECE210064485F /* Resources */ = {
			isa = PBXResourcesBuildPhase;
			buildActionMask = 2147483647;
			files = (
				03DDE3642A0ECE220064485F /* LaunchScreen.storyboard in Resources */,
				03DDE38E2A0EE0990064485F /* Localizable.strings in Resources */,
				03DDE3612A0ECE220064485F /* Assets.xcassets in Resources */,
				03DDE35F2A0ECE210064485F /* Main.storyboard in Resources */,
			);
			runOnlyForDeploymentPostprocessing = 0;
		};
		03DDE3682A0ECE220064485F /* Resources */ = {
			isa = PBXResourcesBuildPhase;
			buildActionMask = 2147483647;
			files = (
			);
			runOnlyForDeploymentPostprocessing = 0;
		};
		03DDE3722A0ECE220064485F /* Resources */ = {
			isa = PBXResourcesBuildPhase;
			buildActionMask = 2147483647;
			files = (
			);
			runOnlyForDeploymentPostprocessing = 0;
		};
/* End PBXResourcesBuildPhase section */

/* Begin PBXSourcesBuildPhase section */
		03DDE3502A0ECE210064485F /* Sources */ = {
			isa = PBXSourcesBuildPhase;
			buildActionMask = 2147483647;
			files = (
				03DDE35C2A0ECE210064485F /* ConversionViewController.swift in Sources */,
				03DDE3582A0ECE210064485F /* AppDelegate.swift in Sources */,
				03DDE35A2A0ECE210064485F /* SceneDelegate.swift in Sources */,
				03DDE3882A0ED3390064485F /* MapViewController.swift in Sources */,
			);
			runOnlyForDeploymentPostprocessing = 0;
		};
		03DDE3662A0ECE220064485F /* Sources */ = {
			isa = PBXSourcesBuildPhase;
			buildActionMask = 2147483647;
			files = (
				03DDE36F2A0ECE220064485F /* WorldTrotterTests.swift in Sources */,
			);
			runOnlyForDeploymentPostprocessing = 0;
		};
		03DDE3702A0ECE220064485F /* Sources */ = {
			isa = PBXSourcesBuildPhase;
			buildActionMask = 2147483647;
			files = (
				03DDE37B2A0ECE220064485F /* WorldTrotterUITestsLaunchTests.swift in Sources */,
				03DDE3792A0ECE220064485F /* WorldTrotterUITests.swift in Sources */,
			);
			runOnlyForDeploymentPostprocessing = 0;
		};
/* End PBXSourcesBuildPhase section */

/* Begin PBXTargetDependency section */
		03DDE36C2A0ECE220064485F /* PBXTargetDependency */ = {
			isa = PBXTargetDependency;
			target = 03DDE3532A0ECE210064485F /* WorldTrotter */;
			targetProxy = 03DDE36B2A0ECE220064485F /* PBXContainerItemProxy */;
		};
		03DDE3762A0ECE220064485F /* PBXTargetDependency */ = {
			isa = PBXTargetDependency;
			target = 03DDE3532A0ECE210064485F /* WorldTrotter */;
			targetProxy = 03DDE3752A0ECE220064485F /* PBXContainerItemProxy */;
		};
/* End PBXTargetDependency section */

/* Begin PBXVariantGroup section */
		03DDE35D2A0ECE210064485F /* Main.storyboard */ = {
			isa = PBXVariantGroup;
			children = (
				03DDE35E2A0ECE210064485F /* Base */,
				03DDE38A2A0EDF040064485F /* en */,
				03DDE38B2A0EDF370064485F /* es */,
			);
			name = Main.storyboard;
			sourceTree = "<group>";
		};
		03DDE3622A0ECE220064485F /* LaunchScreen.storyboard */ = {
			isa = PBXVariantGroup;
			children = (
				03DDE3632A0ECE220064485F /* Base */,
			);
			name = LaunchScreen.storyboard;
			sourceTree = "<group>";
		};
		03DDE3902A0EE0990064485F /* Localizable.strings */ = {
			isa = PBXVariantGroup;
			children = (
				03DDE38F2A0EE0990064485F /* es */,
				03DDE3912A0EE0A20064485F /* en */,
			);
			name = Localizable.strings;
			sourceTree = "<group>";
		};
/* End PBXVariantGroup section */

/* Begin XCBuildConfiguration section */
		03DDE37C2A0ECE220064485F /* Debug */ = {
			isa = XCBuildConfiguration;
			buildSettings = {
				ALWAYS_SEARCH_USER_PATHS = NO;
				CLANG_ANALYZER_LOCALIZABILITY_NONLOCALIZED = YES;
				CLANG_ANALYZER_NONNULL = YES;
				CLANG_ANALYZER_NUMBER_OBJECT_CONVERSION = YES_AGGRESSIVE;
				CLANG_CXX_LANGUAGE_STANDARD = "gnu++20";
				CLANG_ENABLE_MODULES = YES;
				CLANG_ENABLE_OBJC_ARC = YES;
				CLANG_ENABLE_OBJC_WEAK = YES;
				CLANG_WARN_BLOCK_CAPTURE_AUTORELEASING = YES;
				CLANG_WARN_BOOL_CONVERSION = YES;
				CLANG_WARN_COMMA = YES;
				CLANG_WARN_CONSTANT_CONVERSION = YES;
				CLANG_WARN_DEPRECATED_OBJC_IMPLEMENTATIONS = YES;
				CLANG_WARN_DIRECT_OBJC_ISA_USAGE = YES_ERROR;
				CLANG_WARN_DOCUMENTATION_COMMENTS = YES;
				CLANG_WARN_EMPTY_BODY = YES;
				CLANG_WARN_ENUM_CONVERSION = YES;
				CLANG_WARN_INFINITE_RECURSION = YES;
				CLANG_WARN_INT_CONVERSION = YES;
				CLANG_WARN_NON_LITERAL_NULL_CONVERSION = YES;
				CLANG_WARN_OBJC_IMPLICIT_RETAIN_SELF = YES;
				CLANG_WARN_OBJC_LITERAL_CONVERSION = YES;
				CLANG_WARN_OBJC_ROOT_CLASS = YES_ERROR;
				CLANG_WARN_QUOTED_INCLUDE_IN_FRAMEWORK_HEADER = YES;
				CLANG_WARN_RANGE_LOOP_ANALYSIS = YES;
				CLANG_WARN_STRICT_PROTOTYPES = YES;
				CLANG_WARN_SUSPICIOUS_MOVE = YES;
				CLANG_WARN_UNGUARDED_AVAILABILITY = YES_AGGRESSIVE;
				CLANG_WARN_UNREACHABLE_CODE = YES;
				CLANG_WARN__DUPLICATE_METHOD_MATCH = YES;
				COPY_PHASE_STRIP = NO;
				DEBUG_INFORMATION_FORMAT = dwarf;
				ENABLE_STRICT_OBJC_MSGSEND = YES;
				ENABLE_TESTABILITY = YES;
				GCC_C_LANGUAGE_STANDARD = gnu11;
				GCC_DYNAMIC_NO_PIC = NO;
				GCC_NO_COMMON_BLOCKS = YES;
				GCC_OPTIMIZATION_LEVEL = 0;
				GCC_PREPROCESSOR_DEFINITIONS = (
					"DEBUG=1",
					"$(inherited)",
				);
				GCC_WARN_64_TO_32_BIT_CONVERSION = YES;
				GCC_WARN_ABOUT_RETURN_TYPE = YES_ERROR;
				GCC_WARN_UNDECLARED_SELECTOR = YES;
				GCC_WARN_UNINITIALIZED_AUTOS = YES_AGGRESSIVE;
				GCC_WARN_UNUSED_FUNCTION = YES;
				GCC_WARN_UNUSED_VARIABLE = YES;
				IPHONEOS_DEPLOYMENT_TARGET = 16.4;
				MTL_ENABLE_DEBUG_INFO = INCLUDE_SOURCE;
				MTL_FAST_MATH = YES;
				ONLY_ACTIVE_ARCH = YES;
				SDKROOT = iphoneos;
				SWIFT_ACTIVE_COMPILATION_CONDITIONS = DEBUG;
				SWIFT_OPTIMIZATION_LEVEL = "-Onone";
			};
			name = Debug;
		};
		03DDE37D2A0ECE220064485F /* Release */ = {
			isa = XCBuildConfiguration;
			buildSettings = {
				ALWAYS_SEARCH_USER_PATHS = NO;
				CLANG_ANALYZER_LOCALIZABILITY_NONLOCALIZED = YES;
				CLANG_ANALYZER_NONNULL = YES;
				CLANG_ANALYZER_NUMBER_OBJECT_CONVERSION = YES_AGGRESSIVE;
				CLANG_CXX_LANGUAGE_STANDARD = "gnu++20";
				CLANG_ENABLE_MODULES = YES;
				CLANG_ENABLE_OBJC_ARC = YES;
				CLANG_ENABLE_OBJC_WEAK = YES;
				CLANG_WARN_BLOCK_CAPTURE_AUTORELEASING = YES;
				CLANG_WARN_BOOL_CONVERSION = YES;
				CLANG_WARN_COMMA = YES;
				CLANG_WARN_CONSTANT_CONVERSION = YES;
				CLANG_WARN_DEPRECATED_OBJC_IMPLEMENTATIONS = YES;
				CLANG_WARN_DIRECT_OBJC_ISA_USAGE = YES_ERROR;
				CLANG_WARN_DOCUMENTATION_COMMENTS = YES;
				CLANG_WARN_EMPTY_BODY = YES;
				CLANG_WARN_ENUM_CONVERSION = YES;
				CLANG_WARN_INFINITE_RECURSION = YES;
				CLANG_WARN_INT_CONVERSION = YES;
				CLANG_WARN_NON_LITERAL_NULL_CONVERSION = YES;
				CLANG_WARN_OBJC_IMPLICIT_RETAIN_SELF = YES;
				CLANG_WARN_OBJC_LITERAL_CONVERSION = YES;
				CLANG_WARN_OBJC_ROOT_CLASS = YES_ERROR;
				CLANG_WARN_QUOTED_INCLUDE_IN_FRAMEWORK_HEADER = YES;
				CLANG_WARN_RANGE_LOOP_ANALYSIS = YES;
				CLANG_WARN_STRICT_PROTOTYPES = YES;
				CLANG_WARN_SUSPICIOUS_MOVE = YES;
				CLANG_WARN_UNGUARDED_AVAILABILITY = YES_AGGRESSIVE;
				CLANG_WARN_UNREACHABLE_CODE = YES;
				CLANG_WARN__DUPLICATE_METHOD_MATCH = YES;
				COPY_PHASE_STRIP = NO;
				DEBUG_INFORMATION_FORMAT = "dwarf-with-dsym";
				ENABLE_NS_ASSERTIONS = NO;
				ENABLE_STRICT_OBJC_MSGSEND = YES;
				GCC_C_LANGUAGE_STANDARD = gnu11;
				GCC_NO_COMMON_BLOCKS = YES;
				GCC_WARN_64_TO_32_BIT_CONVERSION = YES;
				GCC_WARN_ABOUT_RETURN_TYPE = YES_ERROR;
				GCC_WARN_UNDECLARED_SELECTOR = YES;
				GCC_WARN_UNINITIALIZED_AUTOS = YES_AGGRESSIVE;
				GCC_WARN_UNUSED_FUNCTION = YES;
				GCC_WARN_UNUSED_VARIABLE = YES;
				IPHONEOS_DEPLOYMENT_TARGET = 16.4;
				MTL_ENABLE_DEBUG_INFO = NO;
				MTL_FAST_MATH = YES;
				SDKROOT = iphoneos;
				SWIFT_COMPILATION_MODE = wholemodule;
				SWIFT_OPTIMIZATION_LEVEL = "-O";
				VALIDATE_PRODUCT = YES;
			};
			name = Release;
		};
		03DDE37F2A0ECE220064485F /* Debug */ = {
			isa = XCBuildConfiguration;
			buildSettings = {
				ASSETCATALOG_COMPILER_APPICON_NAME = AppIcon;
				ASSETCATALOG_COMPILER_GLOBAL_ACCENT_COLOR_NAME = AccentColor;
				CODE_SIGN_STYLE = Automatic;
				CURRENT_PROJECT_VERSION = 1;
				DEVELOPMENT_TEAM = 6283CFQE2Y;
				GENERATE_INFOPLIST_FILE = YES;
				INFOPLIST_FILE = WorldTrotter/Info.plist;
				INFOPLIST_KEY_UIApplicationSupportsIndirectInputEvents = YES;
				INFOPLIST_KEY_UILaunchStoryboardName = LaunchScreen;
				INFOPLIST_KEY_UIMainStoryboardFile = Main;
				INFOPLIST_KEY_UISupportedInterfaceOrientations_iPad = "UIInterfaceOrientationPortrait UIInterfaceOrientationPortraitUpsideDown UIInterfaceOrientationLandscapeLeft UIInterfaceOrientationLandscapeRight";
				INFOPLIST_KEY_UISupportedInterfaceOrientations_iPhone = "UIInterfaceOrientationPortrait UIInterfaceOrientationLandscapeLeft UIInterfaceOrientationLandscapeRight";
				LD_RUNPATH_SEARCH_PATHS = (
					"$(inherited)",
					"@executable_path/Frameworks",
				);
				MARKETING_VERSION = 1.0;
				PRODUCT_BUNDLE_IDENTIFIER = "com.codingitwrong.bnr-guide.WorldTrotter";
				PRODUCT_NAME = "$(TARGET_NAME)";
				SWIFT_EMIT_LOC_STRINGS = YES;
				SWIFT_VERSION = 5.0;
				TARGETED_DEVICE_FAMILY = "1,2";
			};
			name = Debug;
		};
		03DDE3802A0ECE220064485F /* Release */ = {
			isa = XCBuildConfiguration;
			buildSettings = {
				ASSETCATALOG_COMPILER_APPICON_NAME = AppIcon;
				ASSETCATALOG_COMPILER_GLOBAL_ACCENT_COLOR_NAME = AccentColor;
				CODE_SIGN_STYLE = Automatic;
				CURRENT_PROJECT_VERSION = 1;
				DEVELOPMENT_TEAM = 6283CFQE2Y;
				GENERATE_INFOPLIST_FILE = YES;
				INFOPLIST_FILE = WorldTrotter/Info.plist;
				INFOPLIST_KEY_UIApplicationSupportsIndirectInputEvents = YES;
				INFOPLIST_KEY_UILaunchStoryboardName = LaunchScreen;
				INFOPLIST_KEY_UIMainStoryboardFile = Main;
				INFOPLIST_KEY_UISupportedInterfaceOrientations_iPad = "UIInterfaceOrientationPortrait UIInterfaceOrientationPortraitUpsideDown UIInterfaceOrientationLandscapeLeft UIInterfaceOrientationLandscapeRight";
				INFOPLIST_KEY_UISupportedInterfaceOrientations_iPhone = "UIInterfaceOrientationPortrait UIInterfaceOrientationLandscapeLeft UIInterfaceOrientationLandscapeRight";
				LD_RUNPATH_SEARCH_PATHS = (
					"$(inherited)",
					"@executable_path/Frameworks",
				);
				MARKETING_VERSION = 1.0;
				PRODUCT_BUNDLE_IDENTIFIER = "com.codingitwrong.bnr-guide.WorldTrotter";
				PRODUCT_NAME = "$(TARGET_NAME)";
				SWIFT_EMIT_LOC_STRINGS = YES;
				SWIFT_VERSION = 5.0;
				TARGETED_DEVICE_FAMILY = "1,2";
			};
			name = Release;
		};
		03DDE3822A0ECE220064485F /* Debug */ = {
			isa = XCBuildConfiguration;
			buildSettings = {
				ALWAYS_EMBED_SWIFT_STANDARD_LIBRARIES = YES;
				BUNDLE_LOADER = "$(TEST_HOST)";
				CODE_SIGN_STYLE = Automatic;
				CURRENT_PROJECT_VERSION = 1;
				DEVELOPMENT_TEAM = 6283CFQE2Y;
				GENERATE_INFOPLIST_FILE = YES;
				IPHONEOS_DEPLOYMENT_TARGET = 16.4;
				MARKETING_VERSION = 1.0;
				PRODUCT_BUNDLE_IDENTIFIER = "com.codingitwrong.bnr-guide.WorldTrotterTests";
				PRODUCT_NAME = "$(TARGET_NAME)";
				SWIFT_EMIT_LOC_STRINGS = NO;
				SWIFT_VERSION = 5.0;
				TARGETED_DEVICE_FAMILY = "1,2";
				TEST_HOST = "$(BUILT_PRODUCTS_DIR)/WorldTrotter.app/$(BUNDLE_EXECUTABLE_FOLDER_PATH)/WorldTrotter";
			};
			name = Debug;
		};
		03DDE3832A0ECE220064485F /* Release */ = {
			isa = XCBuildConfiguration;
			buildSettings = {
				ALWAYS_EMBED_SWIFT_STANDARD_LIBRARIES = YES;
				BUNDLE_LOADER = "$(TEST_HOST)";
				CODE_SIGN_STYLE = Automatic;
				CURRENT_PROJECT_VERSION = 1;
				DEVELOPMENT_TEAM = 6283CFQE2Y;
				GENERATE_INFOPLIST_FILE = YES;
				IPHONEOS_DEPLOYMENT_TARGET = 16.4;
				MARKETING_VERSION = 1.0;
				PRODUCT_BUNDLE_IDENTIFIER = "com.codingitwrong.bnr-guide.WorldTrotterTests";
				PRODUCT_NAME = "$(TARGET_NAME)";
				SWIFT_EMIT_LOC_STRINGS = NO;
				SWIFT_VERSION = 5.0;
				TARGETED_DEVICE_FAMILY = "1,2";
				TEST_HOST = "$(BUILT_PRODUCTS_DIR)/WorldTrotter.app/$(BUNDLE_EXECUTABLE_FOLDER_PATH)/WorldTrotter";
			};
			name = Release;
		};
		03DDE3852A0ECE220064485F /* Debug */ = {
			isa = XCBuildConfiguration;
			buildSettings = {
				ALWAYS_EMBED_SWIFT_STANDARD_LIBRARIES = YES;
				CODE_SIGN_STYLE = Automatic;
				CURRENT_PROJECT_VERSION = 1;
				DEVELOPMENT_TEAM = 6283CFQE2Y;
				GENERATE_INFOPLIST_FILE = YES;
				MARKETING_VERSION = 1.0;
				PRODUCT_BUNDLE_IDENTIFIER = "com.codingitwrong.bnr-guide.WorldTrotterUITests";
				PRODUCT_NAME = "$(TARGET_NAME)";
				SWIFT_EMIT_LOC_STRINGS = NO;
				SWIFT_VERSION = 5.0;
				TARGETED_DEVICE_FAMILY = "1,2";
				TEST_TARGET_NAME = WorldTrotter;
			};
			name = Debug;
		};
		03DDE3862A0ECE220064485F /* Release */ = {
			isa = XCBuildConfiguration;
			buildSettings = {
				ALWAYS_EMBED_SWIFT_STANDARD_LIBRARIES = YES;
				CODE_SIGN_STYLE = Automatic;
				CURRENT_PROJECT_VERSION = 1;
				DEVELOPMENT_TEAM = 6283CFQE2Y;
				GENERATE_INFOPLIST_FILE = YES;
				MARKETING_VERSION = 1.0;
				PRODUCT_BUNDLE_IDENTIFIER = "com.codingitwrong.bnr-guide.WorldTrotterUITests";
				PRODUCT_NAME = "$(TARGET_NAME)";
				SWIFT_EMIT_LOC_STRINGS = NO;
				SWIFT_VERSION = 5.0;
				TARGETED_DEVICE_FAMILY = "1,2";
				TEST_TARGET_NAME = WorldTrotter;
			};
			name = Release;
		};
/* End XCBuildConfiguration section */

/* Begin XCConfigurationList section */
		03DDE34F2A0ECE210064485F /* Build configuration list for PBXProject "WorldTrotter" */ = {
			isa = XCConfigurationList;
			buildConfigurations = (
				03DDE37C2A0ECE220064485F /* Debug */,
				03DDE37D2A0ECE220064485F /* Release */,
			);
			defaultConfigurationIsVisible = 0;
			defaultConfigurationName = Release;
		};
		03DDE37E2A0ECE220064485F /* Build configuration list for PBXNativeTarget "WorldTrotter" */ = {
			isa = XCConfigurationList;
			buildConfigurations = (
				03DDE37F2A0ECE220064485F /* Debug */,
				03DDE3802A0ECE220064485F /* Release */,
			);
			defaultConfigurationIsVisible = 0;
			defaultConfigurationName = Release;
		};
		03DDE3812A0ECE220064485F /* Build configuration list for PBXNativeTarget "WorldTrotterTests" */ = {
			isa = XCConfigurationList;
			buildConfigurations = (
				03DDE3822A0ECE220064485F /* Debug */,
				03DDE3832A0ECE220064485F /* Release */,
			);
			defaultConfigurationIsVisible = 0;
			defaultConfigurationName = Release;
		};
		03DDE3842A0ECE220064485F /* Build configuration list for PBXNativeTarget "WorldTrotterUITests" */ = {
			isa = XCConfigurationList;
			buildConfigurations = (
				03DDE3852A0ECE220064485F /* Debug */,
				03DDE3862A0ECE220064485F /* Release */,
			);
			defaultConfigurationIsVisible = 0;
			defaultConfigurationName = Release;
		};
/* End XCConfigurationList section */
	};
	rootObject = 03DDE34C2A0ECE210064485F /* Project object */;
}
